{
  "name": "nouveau-projet",
  "version": "1.0.0",
  "lockfileVersion": 3,
  "requires": true,
  "packages": {
    "": {
      "name": "nouveau-projet",
      "version": "1.0.0",
      "license": "ISC",
      "dependencies": {
        "hono": "^4.12.5",
        "jose": "^6.2.0",
        "pdfjs-dist": "^5.4.624",
        "react": "^19.2.4",
        "react-dom": "^19.2.4"
      }
    },
    "node_modules/@napi-rs/canvas": {
      "version": "0.1.95",
      "resolved": "https://registry.npmjs.org/@napi-rs/canvas/-/canvas-0.1.95.tgz",
      "integrity": "sha512-lkg23ge+rgyhgUwXmlbkPEhuhHq/hUi/gXKH+4I7vO+lJrbNfEYcQdJLIGjKyXLQzgFiiyDAwh5vAe/tITAE+w==",
      "license": "MIT",
      "optional": true,
      "workspaces": [
        "e2e/*"
      ],
      "engines": {
        "node": ">= 10"
      },
      "funding": {
        "type": "github",
        "url": "https://github.com/sponsors/Brooooooklyn"
      },
      "optionalDependencies": {
        "@napi-rs/canvas-android-arm64": "0.1.95",
        "@napi-rs/canvas-darwin-arm64": "0.1.95",
        "@napi-rs/canvas-darwin-x64": "0.1.95",
        "@napi-rs/canvas-linux-arm-gnueabihf": "0.1.95",
        "@napi-rs/canvas-linux-arm64-gnu": "0.1.95",
        "@napi-rs/canvas-linux-arm64-musl": "0.1.95",
        "@napi-rs/canvas-linux-riscv64-gnu": "0.1.95",
        "@napi-rs/canvas-linux-x64-gnu": "0.1.95",
        "@napi-rs/canvas-linux-x64-musl": "0.1.95",
        "@napi-rs/canvas-win32-arm64-msvc": "0.1.95",
        "@napi-rs/canvas-win32-x64-msvc": "0.1.95"
      }
    },
    "node_modules/@napi-rs/canvas-android-arm64": {
      "version": "0.1.95",
      "resolved": "https://registry.npmjs.org/@napi-rs/canvas-android-arm64/-/canvas-android-arm64-0.1.95.tgz",
      "integrity": "sha512-SqTh0wsYbetckMXEvHqmR7HKRJujVf1sYv1xdlhkifg6TlCSysz1opa49LlS3+xWuazcQcfRfmhA07HxxxGsAA==",
      "cpu": [
        "arm64"
      ],
      "license": "MIT",
      "optional": true,
      "os": [
        "android"
      ],
      "engines": {
        "node": ">= 10"
      },
      "funding": {
        "type": "github",
        "url": "https://github.com/sponsors/Brooooooklyn"
      }
    },
    "node_modules/@napi-rs/canvas-darwin-arm64": {
      "version": "0.1.95",
      "resolved": "https://registry.npmjs.org/@napi-rs/canvas-darwin-arm64/-/canvas-darwin-arm64-0.1.95.tgz",
      "integrity": "sha512-F7jT0Syu+B9DGBUBcMk3qCRIxAWiDXmvEjamwbYfbZl7asI1pmXZUnCOoIu49Wt0RNooToYfRDxU9omD6t5Xuw==",
      "cpu": [
        "arm64"
      ],
      "license": "MIT",
      "optional": true,
      "os": [
        "darwin"
      ],
      "engines": {
        "node": ">= 10"
      },
      "funding": {
        "type": "github",
        "url": "https://github.com/sponsors/Brooooooklyn"
      }
    },
    "node_modules/@napi-rs/canvas-darwin-x64": {
      "version": "0.1.95",
      "resolved": "https://registry.npmjs.org/@napi-rs/canvas-darwin-x64/-/canvas-darwin-x64-0.1.95.tgz",
      "integrity": "sha512-54eb2Ho15RDjYGXO/harjRznBrAvu+j5nQ85Z4Qd6Qg3slR8/Ja+Yvvy9G4yo7rdX6NR9GPkZeSTf2UcKXwaXw==",
      "cpu": [
        "x64"
      ],
      "license": "MIT",
      "optional": true,
      "os": [
        "darwin"
      ],
      "engines": {
        "node": ">= 10"
      },
      "funding": {
        "type": "github",
        "url": "https://github.com/sponsors/Brooooooklyn"
      }
    },
    "node_modules/@napi-rs/canvas-linux-arm-gnueabihf": {
      "version": "0.1.95",
      "resolved": "https://registry.npmjs.org/@napi-rs/canvas-linux-arm-gnueabihf/-/canvas-linux-arm-gnueabihf-0.1.95.tgz",
      "integrity": "sha512-hYaLCSLx5bmbnclzQc3ado3PgZ66blJWzjXp0wJmdwpr/kH+Mwhj6vuytJIomgksyJoCdIqIa4N6aiqBGJtJ5Q==",
      "cpu": [
        "arm"
      ],
      "license": "MIT",
      "optional": true,
      "os": [
        "linux"
      ],
      "engines": {
        "node": ">= 10"
      },
      "funding": {
        "type": "github",
        "url": "https://github.com/sponsors/Brooooooklyn"
      }
    },
    "node_modules/@napi-rs/canvas-linux-arm64-gnu": {
      "version": "0.1.95",
      "resolved": "https://registry.npmjs.org/@napi-rs/canvas-linux-arm64-gnu/-/canvas-linux-arm64-gnu-0.1.95.tgz",
      "integrity": "sha512-J7VipONahKsmScPZsipHVQBqpbZx4favaD8/enWzzlGcjiwycOoymL7f4tNeqdjK0su19bDOUt6mjp9gsPWYlw==",
      "cpu": [
        "arm64"
      ],
      "license": "MIT",
      "optional": true,
      "os": [
        "linux"
      ],
      "engines": {
        "node": ">= 10"
      },
      "funding": {
        "type": "github",
        "url": "https://github.com/sponsors/Brooooooklyn"
      }
    },
    "node_modules/@napi-rs/canvas-linux-arm64-musl": {
      "version": "0.1.95",
      "resolved": "https://registry.npmjs.org/@napi-rs/canvas-linux-arm64-musl/-/canvas-linux-arm64-musl-0.1.95.tgz",
      "integrity": "sha512-PXy0UT1J/8MPG8UAkWp6Fd51ZtIZINFzIjGH909JjQrtCuJf3X6nanHYdz1A+Wq9o4aoPAw1YEUpFS1lelsVlg==",
      "cpu": [
        "arm64"
      ],
      "license": "MIT",
      "optional": true,
      "os": [
        "linux"
      ],
      "engines": {
        "node": ">= 10"
      },
      "funding": {
        "type": "github",
        "url": "https://github.com/sponsors/Brooooooklyn"
      }
    },
    "node_modules/@napi-rs/canvas-linux-riscv64-gnu": {
      "version": "0.1.95",
      "resolved": "https://registry.npmjs.org/@napi-rs/canvas-linux-riscv64-gnu/-/canvas-linux-riscv64-gnu-0.1.95.tgz",
      "integrity": "sha512-2IzCkW2RHRdcgF9W5/plHvYFpc6uikyjMb5SxjqmNxfyDFz9/HB89yhi8YQo0SNqrGRI7yBVDec7Pt+uMyRWsg==",
      "cpu": [
        "riscv64"
      ],
      "license": "MIT",
      "optional": true,
      "os": [
        "linux"
      ],
      "engines": {
        "node": ">= 10"
      },
      "funding": {
        "type": "github",
        "url": "https://github.com/sponsors/Brooooooklyn"
      }
    },
    "node_modules/@napi-rs/canvas-linux-x64-gnu": {
      "version": "0.1.95",
      "resolved": "https://registry.npmjs.org/@napi-rs/canvas-linux-x64-gnu/-/canvas-linux-x64-gnu-0.1.95.tgz",
      "integrity": "sha512-OV/ol/OtcUr4qDhQg8G7SdViZX8XyQeKpPsVv/j3+7U178FGoU4M+yIocdVo1ih/A8GQ63+LjF4jDoEjaVU8Pw==",
      "cpu": [
        "x64"
      ],
      "license": "MIT",
      "optional": true,
      "os": [
        "linux"
      ],
      "engines": {
        "node": ">= 10"
      },
      "funding": {
        "type": "github",
        "url": "https://github.com/sponsors/Brooooooklyn"
      }
    },
    "node_modules/@napi-rs/canvas-linux-x64-musl": {
      "version": "0.1.95",
      "resolved": "https://registry.npmjs.org/@napi-rs/canvas-linux-x64-musl/-/canvas-linux-x64-musl-0.1.95.tgz",
      "integrity": "sha512-Z5KzqBK/XzPz5+SFHKz7yKqClEQ8pOiEDdgk5SlphBLVNb8JFIJkxhtJKSvnJyHh2rjVgiFmvtJzMF0gNwwKyQ==",
      "cpu": [
        "x64"
      ],
      "license": "MIT",
      "optional": true,
      "os": [
        "linux"
      ],
      "engines": {
        "node": ">= 10"
      },
      "funding": {
        "type": "github",
        "url": "https://github.com/sponsors/Brooooooklyn"
      }
    },
    "node_modules/@napi-rs/canvas-win32-arm64-msvc": {
      "version": "0.1.95",
      "resolved": "https://registry.npmjs.org/@napi-rs/canvas-win32-arm64-msvc/-/canvas-win32-arm64-msvc-0.1.95.tgz",
      "integrity": "sha512-aj0YbRpe8qVJ4OzMsK7NfNQePgcf9zkGFzNZ9mSuaxXzhpLHmlF2GivNdCdNOg8WzA/NxV6IU4c5XkXadUMLeA==",
      "cpu": [
        "arm64"
      ],
      "license": "MIT",
      "optional": true,
      "os": [
        "win32"
      ],
      "engines": {
        "node": ">= 10"
      },
      "funding": {
        "type": "github",
        "url": "https://github.com/sponsors/Brooooooklyn"
      }
    },
    "node_modules/@napi-rs/canvas-win32-x64-msvc": {
      "version": "0.1.95",
      "resolved": "https://registry.npmjs.org/@napi-rs/canvas-win32-x64-msvc/-/canvas-win32-x64-msvc-0.1.95.tgz",
      "integrity": "sha512-GA8leTTCfdjuHi8reICTIxU0081PhXvl3lzIniLUjeLACx9GubUiyzkwFb+oyeKLS5IAGZFLKnzAf4wm2epRlA==",
      "cpu": [
        "x64"
      ],
      "license": "MIT",
      "optional": true,
      "os": [
        "win32"
      ],
      "engines": {
        "node": ">= 10"
      },
      "funding": {
        "type": "github",
        "url": "https://github.com/sponsors/Brooooooklyn"
      }
    },
    "node_modules/hono": {
      "version": "4.12.5",
      "resolved": "https://registry.npmjs.org/hono/-/hono-4.12.5.tgz",
      "integrity": "sha512-3qq+FUBtlTHhtYxbxheZgY8NIFnkkC/MR8u5TTsr7YZ3wixryQ3cCwn3iZbg8p8B88iDBBAYSfZDS75t8MN7Vg==",
      "license": "MIT",
      "engines": {
        "node": ">=16.9.0"
      }
    },
    "node_modules/jose": {
      "version": "6.2.0",
      "resolved": "https://registry.npmjs.org/jose/-/jose-6.2.0.tgz",
      "integrity": "sha512-xsfE1TcSCbUdo6U07tR0mvhg0flGxU8tPLbF03mirl2ukGQENhUg4ubGYQnhVH0b5stLlPM+WOqDkEl1R1y5sQ==",
      "license": "MIT",
      "funding": {
        "url": "https://github.com/sponsors/panva"
      }
    },
    "node_modules/node-readable-to-web-readable-stream": {
      "version": "0.4.2",
      "resolved": "https://registry.npmjs.org/node-readable-to-web-readable-stream/-/node-readable-to-web-readable-stream-0.4.2.tgz",
      "integrity": "sha512-/cMZNI34v//jUTrI+UIo4ieHAB5EZRY/+7OmXZgBxaWBMcW2tGdceIw06RFxWxrKZ5Jp3sI2i5TsRo+CBhtVLQ==",
      "license": "MIT",
      "optional": true
    },
    "node_modules/pdfjs-dist": {
      "version": "5.4.624",
      "resolved": "https://registry.npmjs.org/pdfjs-dist/-/pdfjs-dist-5.4.624.tgz",
      "integrity": "sha512-sm6TxKTtWv1Oh6n3C6J6a8odejb5uO4A4zo/2dgkHuC0iu8ZMAXOezEODkVaoVp8nX1Xzr+0WxFJJmUr45hQzg==",
      "license": "Apache-2.0",
      "engines": {
        "node": ">=20.16.0 || >=22.3.0"
      },
      "optionalDependencies": {
        "@napi-rs/canvas": "^0.1.88",
        "node-readable-to-web-readable-stream": "^0.4.2"
      }
    },
    "node_modules/react": {
      "version": "19.2.4",
      "resolved": "https://registry.npmjs.org/react/-/react-19.2.4.tgz",
      "integrity": "sha512-9nfp2hYpCwOjAN+8TZFGhtWEwgvWHXqESH8qT89AT/lWklpLON22Lc8pEtnpsZz7VmawabSU0gCjnj8aC0euHQ==",
      "license": "MIT",
      "engines": {
        "node": ">=0.10.0"
      }
    },
    "node_modules/react-dom": {
      "version": "19.2.4",
      "resolved": "https://registry.npmjs.org/react-dom/-/react-dom-19.2.4.tgz",
      "integrity": "sha512-AXJdLo8kgMbimY95O2aKQqsz2iWi9jMgKJhRBAxECE4IFxfcazB2LmzloIoibJI3C12IlY20+KFaLv+71bUJeQ==",
      "license": "MIT",
      "dependencies": {
        "scheduler": "^0.27.0"
      },
      "peerDependencies": {
        "react": "^19.2.4"
      }
    },
    "node_modules/scheduler": {
      "version": "0.27.0",
      "resolved": "https://registry.npmjs.org/scheduler/-/scheduler-0.27.0.tgz",
      "integrity": "sha512-eNv+WrVbKu1f3vbYJT/xtiF5syA5HPIMtf9IgY/nKg0sWqzAUEvqY/xm7OcZc/qafLx/iO9FgOmeSAp4v5ti/Q==",
      "license": "MIT"
    }
  }
}
